// !$*UTF8*$!
{
	archiveVersion = 1;
	classes = {
	};
	objectVersion = 46;
	objects = {

/* Begin PBXBuildFile section */
		3C086FB7BF8E6918DCE0ACBC /* Pods_Creav.framework in Frameworks */ = {isa = PBXBuildFile; fileRef = 56DDFD378B9F48989404F809 /* Pods_Creav.framework */; };
		61E92B071F4FA1C300AAE8EC /* AppDelegate.swift in Sources */ = {isa = PBXBuildFile; fileRef = 61E92B061F4FA1C300AAE8EC /* AppDelegate.swift */; };
		61E92B091F4FA1C300AAE8EC /* ViewController.swift in Sources */ = {isa = PBXBuildFile; fileRef = 61E92B081F4FA1C300AAE8EC /* ViewController.swift */; };
		61E92B0C1F4FA1C300AAE8EC /* Main.storyboard in Resources */ = {isa = PBXBuildFile; fileRef = 61E92B0A1F4FA1C300AAE8EC /* Main.storyboard */; };
		61E92B0E1F4FA1C300AAE8EC /* Assets.xcassets in Resources */ = {isa = PBXBuildFile; fileRef = 61E92B0D1F4FA1C300AAE8EC /* Assets.xcassets */; };
		61E92B111F4FA1C300AAE8EC /* LaunchScreen.storyboard in Resources */ = {isa = PBXBuildFile; fileRef = 61E92B0F1F4FA1C300AAE8EC /* LaunchScreen.storyboard */; };
		61E92B191F4FA28500AAE8EC /* GoogleService-Info.plist in Resources */ = {isa = PBXBuildFile; fileRef = 61E92B181F4FA28500AAE8EC /* GoogleService-Info.plist */; };
		61E92B1B1F4FA6A800AAE8EC /* SignUpViewController.swift in Sources */ = {isa = PBXBuildFile; fileRef = 61E92B1A1F4FA6A800AAE8EC /* SignUpViewController.swift */; };
/* End PBXBuildFile section */

/* Begin PBXFileReference section */
		49F943DF6FA4AF8DC314891A /* Pods-Creav.release.xcconfig */ = {isa = PBXFileReference; includeInIndex = 1; lastKnownFileType = text.xcconfig; name = "Pods-Creav.release.xcconfig"; path = "Pods/Target Support Files/Pods-Creav/Pods-Creav.release.xcconfig"; sourceTree = "<group>"; };
		56DDFD378B9F48989404F809 /* Pods_Creav.framework */ = {isa = PBXFileReference; explicitFileType = wrapper.framework; includeInIndex = 0; path = Pods_Creav.framework; sourceTree = BUILT_PRODUCTS_DIR; };
		5E3647773A1A7809B530E7FC /* Pods-Creav.debug.xcconfig */ = {isa = PBXFileReference; includeInIndex = 1; lastKnownFileType = text.xcconfig; name = "Pods-Creav.debug.xcconfig"; path = "Pods/Target Support Files/Pods-Creav/Pods-Creav.debug.xcconfig"; sourceTree = "<group>"; };
		61E92B031F4FA1C300AAE8EC /* Creav.app */ = {isa = PBXFileReference; explicitFileType = wrapper.application; includeInIndex = 0; path = Creav.app; sourceTree = BUILT_PRODUCTS_DIR; };
		61E92B061F4FA1C300AAE8EC /* AppDelegate.swift */ = {isa = PBXFileReference; lastKnownFileType = sourcecode.swift; path = AppDelegate.swift; sourceTree = "<group>"; };
		61E92B081F4FA1C300AAE8EC /* ViewController.swift */ = {isa = PBXFileReference; lastKnownFileType = sourcecode.swift; path = ViewController.swift; sourceTree = "<group>"; };
		61E92B0B1F4FA1C300AAE8EC /* Base */ = {isa = PBXFileReference; lastKnownFileType = file.storyboard; name = Base; path = Base.lproj/Main.storyboard; sourceTree = "<group>"; };
		61E92B0D1F4FA1C300AAE8EC /* Assets.xcassets */ = {isa = PBXFileReference; lastKnownFileType = folder.assetcatalog; path = Assets.xcassets; sourceTree = "<group>"; };
		61E92B101F4FA1C300AAE8EC /* Base */ = {isa = PBXFileReference; lastKnownFileType = file.storyboard; name = Base; path = Base.lproj/LaunchScreen.storyboard; sourceTree = "<group>"; };
		61E92B121F4FA1C300AAE8EC /* Info.plist */ = {isa = PBXFileReference; lastKnownFileType = text.plist.xml; path = Info.plist; sourceTree = "<group>"; };
		61E92B181F4FA28500AAE8EC /* GoogleService-Info.plist */ = {isa = PBXFileReference; fileEncoding = 4; lastKnownFileType = text.plist.xml; path = "GoogleService-Info.plist"; sourceTree = "<group>"; };
		61E92B1A1F4FA6A800AAE8EC /* SignUpViewController.swift */ = {isa = PBXFileReference; fileEncoding = 4; lastKnownFileType = sourcecode.swift; path = SignUpViewController.swift; sourceTree = "<group>"; };
/* End PBXFileReference section */

/* Begin PBXFrameworksBuildPhase section */
		61E92B001F4FA1C200AAE8EC /* Frameworks */ = {
			isa = PBXFrameworksBuildPhase;
			buildActionMask = 2147483647;
			files = (
				3C086FB7BF8E6918DCE0ACBC /* Pods_Creav.framework in Frameworks */,
			);
			runOnlyForDeploymentPostprocessing = 0;
		};
/* End PBXFrameworksBuildPhase section */

/* Begin PBXGroup section */
		01D4A277B587ACAD07734A48 /* Pods */ = {
			isa = PBXGroup;
			children = (
				5E3647773A1A7809B530E7FC /* Pods-Creav.debug.xcconfig */,
				49F943DF6FA4AF8DC314891A /* Pods-Creav.release.xcconfig */,
			);
			name = Pods;
			sourceTree = "<group>";
		};
		2128BEBC828785862AEE7E2E /* Frameworks */ = {
			isa = PBXGroup;
			children = (
				56DDFD378B9F48989404F809 /* Pods_Creav.framework */,
			);
			name = Frameworks;
			sourceTree = "<group>";
		};
		61E92AFA1F4FA1C200AAE8EC = {
			isa = PBXGroup;
			children = (
				61E92B051F4FA1C300AAE8EC /* Creav */,
				61E92B041F4FA1C300AAE8EC /* Products */,
				01D4A277B587ACAD07734A48 /* Pods */,
				2128BEBC828785862AEE7E2E /* Frameworks */,
			);
			sourceTree = "<group>";
		};
		61E92B041F4FA1C300AAE8EC /* Products */ = {
			isa = PBXGroup;
			children = (
				61E92B031F4FA1C300AAE8EC /* Creav.app */,
			);
			name = Products;
			sourceTree = "<group>";
		};
		61E92B051F4FA1C300AAE8EC /* Creav */ = {
			isa = PBXGroup;
			children = (
				61E92B061F4FA1C300AAE8EC /* AppDelegate.swift */,
				61E92B081F4FA1C300AAE8EC /* ViewController.swift */,
				61E92B1A1F4FA6A800AAE8EC /* SignUpViewController.swift */,
				61E92B0A1F4FA1C300AAE8EC /* Main.storyboard */,
				61E92B0D1F4FA1C300AAE8EC /* Assets.xcassets */,
				61E92B0F1F4FA1C300AAE8EC /* LaunchScreen.storyboard */,
				61E92B181F4FA28500AAE8EC /* GoogleService-Info.plist */,
				61E92B121F4FA1C300AAE8EC /* Info.plist */,
			);
			path = Creav;
			sourceTree = "<group>";
		};
/* End PBXGroup section */

/* Begin PBXNativeTarget section */
		61E92B021F4FA1C200AAE8EC /* Creav */ = {
			isa = PBXNativeTarget;
			buildConfigurationList = 61E92B151F4FA1C300AAE8EC /* Build configuration list for PBXNativeTarget "Creav" */;
			buildPhases = (
				C7571D719B5DF5861845655F /* [CP] Check Pods Manifest.lock */,
				61E92AFF1F4FA1C200AAE8EC /* Sources */,
				61E92B001F4FA1C200AAE8EC /* Frameworks */,
				61E92B011F4FA1C200AAE8EC /* Resources */,
				79CD81AB18B858FF54C9B357 /* [CP] Embed Pods Frameworks */,
				B2DA3B07DA526991EFF42DB7 /* [CP] Copy Pods Resources */,
			);
			buildRules = (
			);
			dependencies = (
			);
			name = Creav;
			productName = Creav;
			productReference = 61E92B031F4FA1C300AAE8EC /* Creav.app */;
			productType = "com.apple.product-type.application";
		};
/* End PBXNativeTarget section */

/* Begin PBXProject section */
		61E92AFB1F4FA1C200AAE8EC /* Project object */ = {
			isa = PBXProject;
			attributes = {
				LastSwiftUpdateCheck = 0820;
				LastUpgradeCheck = 0820;
				ORGANIZATIONNAME = "Oskar Klonowski";
				TargetAttributes = {
					61E92B021F4FA1C200AAE8EC = {
						CreatedOnToolsVersion = 8.2.1;
						DevelopmentTeam = LT9843EV6S;
						ProvisioningStyle = Automatic;
					};
				};
			};
			buildConfigurationList = 61E92AFE1F4FA1C200AAE8EC /* Build configuration list for PBXProject "Creav" */;
			compatibilityVersion = "Xcode 3.2";
			developmentRegion = English;
			hasScannedForEncodings = 0;
			knownRegions = (
				en,
				Base,
			);
			mainGroup = 61E92AFA1F4FA1C200AAE8EC;
			productRefGroup = 61E92B041F4FA1C300AAE8EC /* Products */;
			projectDirPath = "";
			projectRoot = "";
			targets = (
				61E92B021F4FA1C200AAE8EC /* Creav */,
			);
		};
/* End PBXProject section */

/* Begin PBXResourcesBuildPhase section */
		61E92B011F4FA1C200AAE8EC /* Resources */ = {
			isa = PBXResourcesBuildPhase;
			buildActionMask = 2147483647;
			files = (
				61E92B111F4FA1C300AAE8EC /* LaunchScreen.storyboard in Resources */,
				61E92B191F4FA28500AAE8EC /* GoogleService-Info.plist in Resources */,
				61E92B0E1F4FA1C300AAE8EC /* Assets.xcassets in Resources */,
				61E92B0C1F4FA1C300AAE8EC /* Main.storyboard in Resources */,
			);
			runOnlyForDeploymentPostprocessing = 0;
		};
/* End PBXResourcesBuildPhase section */

/* Begin PBXShellScriptBuildPhase section */
		79CD81AB18B858FF54C9B357 /* [CP] Embed Pods Frameworks */ = {
			isa = PBXShellScriptBuildPhase;
			buildActionMask = 2147483647;
			files = (
			);
			inputPaths = (
			);
			name = "[CP] Embed Pods Frameworks";
			outputPaths = (
			);
			runOnlyForDeploymentPostprocessing = 0;
			shellPath = /bin/sh;
			shellScript = "\"${SRCROOT}/Pods/Target Support Files/Pods-Creav/Pods-Creav-frameworks.sh\"\n";
			showEnvVarsInLog = 0;
		};
		B2DA3B07DA526991EFF42DB7 /* [CP] Copy Pods Resources */ = {
			isa = PBXShellScriptBuildPhase;
			buildActionMask = 2147483647;
			files = (
			);
			inputPaths = (
			);
			name = "[CP] Copy Pods Resources";
			outputPaths = (
			);
			runOnlyForDeploymentPostprocessing = 0;
			shellPath = /bin/sh;
			shellScript = "\"${SRCROOT}/Pods/Target Support Files/Pods-Creav/Pods-Creav-resources.sh\"\n";
			showEnvVarsInLog = 0;
		};
		C7571D719B5DF5861845655F /* [CP] Check Pods Manifest.lock */ = {
			isa = PBXShellScriptBuildPhase;
			buildActionMask = 2147483647;
			files = (
			);
			inputPaths = (
			);
			name = "[CP] Check Pods Manifest.lock";
			outputPaths = (
			);
			runOnlyForDeploymentPostprocessing = 0;
			shellPath = /bin/sh;
			shellScript = "diff \"${PODS_ROOT}/../Podfile.lock\" \"${PODS_ROOT}/Manifest.lock\" > /dev/null\nif [ $? != 0 ] ; then\n    # print error to STDERR\n    echo \"error: The sandbox is not in sync with the Podfile.lock. Run 'pod install' or update your CocoaPods installation.\" >&2\n    exit 1\nfi\n";
			showEnvVarsInLog = 0;
		};
/* End PBXShellScriptBuildPhase section */

/* Begin PBXSourcesBuildPhase section */
		61E92AFF1F4FA1C200AAE8EC /* Sources */ = {
			isa = PBXSourcesBuildPhase;
			buildActionMask = 2147483647;
			files = (
				61E92B1B1F4FA6A800AAE8EC /* SignUpViewController.swift in Sources */,
				61E92B091F4FA1C300AAE8EC /* ViewController.swift in Sources */,
				61E92B071F4FA1C300AAE8EC /* AppDelegate.swift in Sources */,
			);
			runOnlyForDeploymentPostprocessing = 0;
		};
/* End PBXSourcesBuildPhase section */

/* Begin PBXVariantGroup section */
		61E92B0A1F4FA1C300AAE8EC /* Main.storyboard */ = {
			isa = PBXVariantGroup;
			children = (
				61E92B0B1F4FA1C300AAE8EC /* Base */,
			);
			name = Main.storyboard;
			sourceTree = "<group>";
		};
		61E92B0F1F4FA1C300AAE8EC /* LaunchScreen.storyboard */ = {
			isa = PBXVariantGroup;
			children = (
				61E92B101F4FA1C300AAE8EC /* Base */,
			);
			name = LaunchScreen.storyboard;
			sourceTree = "<group>";
		};
/* End PBXVariantGroup section */

/* Begin XCBuildConfiguration section */
		61E92B131F4FA1C300AAE8EC /* Debug */ = {
			isa = XCBuildConfiguration;
			buildSettings = {
				ALWAYS_SEARCH_USER_PATHS = NO;
				CLANG_ANALYZER_NONNULL = YES;
				CLANG_CXX_LANGUAGE_STANDARD = "gnu++0x";
				CLANG_CXX_LIBRARY = "libc++";
				CLANG_ENABLE_MODULES = YES;
				CLANG_ENABLE_OBJC_ARC = YES;
				CLANG_WARN_BOOL_CONVERSION = YES;
				CLANG_WARN_CONSTANT_CONVERSION = YES;
				CLANG_WARN_DIRECT_OBJC_ISA_USAGE = YES_ERROR;
				CLANG_WARN_DOCUMENTATION_COMMENTS = YES;
				CLANG_WARN_EMPTY_BODY = YES;
				CLANG_WARN_ENUM_CONVERSION = YES;
				CLANG_WARN_INFINITE_RECURSION = YES;
				CLANG_WARN_INT_CONVERSION = YES;
				CLANG_WARN_OBJC_ROOT_CLASS = YES_ERROR;
				CLANG_WARN_SUSPICIOUS_MOVE = YES;
				CLANG_WARN_UNREACHABLE_CODE = YES;
				CLANG_WARN__DUPLICATE_METHOD_MATCH = YES;
				"CODE_SIGN_IDENTITY[sdk=iphoneos*]" = "iPhone Developer";
				COPY_PHASE_STRIP = NO;
				DEBUG_INFORMATION_FORMAT = dwarf;
				ENABLE_STRICT_OBJC_MSGSEND = YES;
				ENABLE_TESTABILITY = YES;
				GCC_C_LANGUAGE_STANDARD = gnu99;
				GCC_DYNAMIC_NO_PIC = NO;
				GCC_NO_COMMON_BLOCKS = YES;
				GCC_OPTIMIZATION_LEVEL = 0;
				GCC_PREPROCESSOR_DEFINITIONS = (
					"DEBUG=1",
					"$(inherited)",
				);
				GCC_WARN_64_TO_32_BIT_CONVERSION = YES;
				GCC_WARN_ABOUT_RETURN_TYPE = YES_ERROR;
				GCC_WARN_UNDECLARED_SELECTOR = YES;
				GCC_WARN_UNINITIALIZED_AUTOS = YES_AGGRESSIVE;
				GCC_WARN_UNUSED_FUNCTION = YES;
				GCC_WARN_UNUSED_VARIABLE = YES;
				IPHONEOS_DEPLOYMENT_TARGET = 10.2;
				MTL_ENABLE_DEBUG_INFO = YES;
				ONLY_ACTIVE_ARCH = YES;
				SDKROOT = iphoneos;
				SWIFT_ACTIVE_COMPILATION_CONDITIONS = DEBUG;
				SWIFT_OPTIMIZATION_LEVEL = "-Onone";
			};
			name = Debug;
		};
		61E92B141F4FA1C300AAE8EC /* Release */ = {
			isa = XCBuildConfiguration;
			buildSettings = {
				ALWAYS_SEARCH_USER_PATHS = NO;
				CLANG_ANALYZER_NONNULL = YES;
				CLANG_CXX_LANGUAGE_STANDARD = "gnu++0x";
				CLANG_CXX_LIBRARY = "libc++";
				CLANG_ENABLE_MODULES = YES;
				CLANG_ENABLE_OBJC_ARC = YES;
				CLANG_WARN_BOOL_CONVERSION = YES;
				CLANG_WARN_CONSTANT_CONVERSION = YES;
				CLANG_WARN_DIRECT_OBJC_ISA_USAGE = YES_ERROR;
				CLANG_WARN_DOCUMENTATION_COMMENTS = YES;
				CLANG_WARN_EMPTY_BODY = YES;
				CLANG_WARN_ENUM_CONVERSION = YES;
				CLANG_WARN_INFINITE_RECURSION = YES;
				CLANG_WARN_INT_CONVERSION = YES;
				CLANG_WARN_OBJC_ROOT_CLASS = YES_ERROR;
				CLANG_WARN_SUSPICIOUS_MOVE = YES;
				CLANG_WARN_UNREACHABLE_CODE = YES;
				CLANG_WARN__DUPLICATE_METHOD_MATCH = YES;
				"CODE_SIGN_IDENTITY[sdk=iphoneos*]" = "iPhone Developer";
				COPY_PHASE_STRIP = NO;
				DEBUG_INFORMATION_FORMAT = "dwarf-with-dsym";
				ENABLE_NS_ASSERTIONS = NO;
				ENABLE_STRICT_OBJC_MSGSEND = YES;
				GCC_C_LANGUAGE_STANDARD = gnu99;
				GCC_NO_COMMON_BLOCKS = YES;
				GCC_WARN_64_TO_32_BIT_CONVERSION = YES;
				GCC_WARN_ABOUT_RETURN_TYPE = YES_ERROR;
				GCC_WARN_UNDECLARED_SELECTOR = YES;
				GCC_WARN_UNINITIALIZED_AUTOS = YES_AGGRESSIVE;
				GCC_WARN_UNUSED_FUNCTION = YES;
				GCC_WARN_UNUSED_VARIABLE = YES;
				IPHONEOS_DEPLOYMENT_TARGET = 10.2;
				MTL_ENABLE_DEBUG_INFO = NO;
				SDKROOT = iphoneos;
				SWIFT_OPTIMIZATION_LEVEL = "-Owholemodule";
				VALIDATE_PRODUCT = YES;
			};
			name = Release;
		};
		61E92B161F4FA1C300AAE8EC /* Debug */ = {
			isa = XCBuildConfiguration;
			baseConfigurationReference = 5E3647773A1A7809B530E7FC /* Pods-Creav.debug.xcconfig */;
			buildSettings = {
				ASSETCATALOG_COMPILER_APPICON_NAME = AppIcon;
				DEVELOPMENT_TEAM = LT9843EV6S;
				INFOPLIST_FILE = Creav/Info.plist;
				LD_RUNPATH_SEARCH_PATHS = "$(inherited) @executable_path/Frameworks";
				PRODUCT_BUNDLE_IDENTIFIER = com.oskarklonowski.Creav;
				PRODUCT_NAME = "$(TARGET_NAME)";
				SWIFT_VERSION = 3.0;
			};
			name = Debug;
		};
		61E92B171F4FA1C300AAE8EC /* Release */ = {
			isa = XCBuildConfiguration;
			baseConfigurationReference = 49F943DF6FA4AF8DC314891A /* Pods-Creav.release.xcconfig */;
			buildSettings = {
				ASSETCATALOG_COMPILER_APPICON_NAME = AppIcon;
				DEVELOPMENT_TEAM = LT9843EV6S;
				INFOPLIST_FILE = Creav/Info.plist;
				LD_RUNPATH_SEARCH_PATHS = "$(inherited) @executable_path/Frameworks";
				PRODUCT_BUNDLE_IDENTIFIER = com.oskarklonowski.Creav;
				PRODUCT_NAME = "$(TARGET_NAME)";
				SWIFT_VERSION = 3.0;
			};
			name = Release;
		};
/* End XCBuildConfiguration section */

/* Begin XCConfigurationList section */
		61E92AFE1F4FA1C200AAE8EC /* Build configuration list for PBXProject "Creav" */ = {
			isa = XCConfigurationList;
			buildConfigurations = (
				61E92B131F4FA1C300AAE8EC /* Debug */,
				61E92B141F4FA1C300AAE8EC /* Release */,
			);
			defaultConfigurationIsVisible = 0;
			defaultConfigurationName = Release;
		};
		61E92B151F4FA1C300AAE8EC /* Build configuration list for PBXNativeTarget "Creav" */ = {
			isa = XCConfigurationList;
			buildConfigurations = (
				61E92B161F4FA1C300AAE8EC /* Debug */,
				61E92B171F4FA1C300AAE8EC /* Release */,
			);
			defaultConfigurationIsVisible = 0;
			defaultConfigurationName = Release;
		};
/* End XCConfigurationList section */
	};
	rootObject = 61E92AFB1F4FA1C200AAE8EC /* Project object */;
}
